
Microsoft Visual Studio Solution File, Format Version 12.00
Project("{2150E333-8FDC-42A3-9474-1A3956D46DE8}") = "Server", "Server", "{8274F955-B161-44F1-ABA5-264B2CF3633E}"
EndProject
Project("{2150E333-8FDC-42A3-9474-1A3956D46DE8}") = "Model", "Model", "{C9AC57F1-825B-45FD-AF52-05BD3F9EA17F}"
EndProject
Project("{2150E333-8FDC-42A3-9474-1A3956D46DE8}") = "Client", "Client", "{AAF4E379-103E-49AF-AD19-B03A696B590E}"
EndProject
Project("{2150E333-8FDC-42A3-9474-1A3956D46DE8}") = "Embedded", "Embedded", "{DB4DBB27-1A9F-4D32-AA85-045B74952674}"
EndProject
Project("{FAE04EC0-301F-11D3-BF4B-00C04F79EFBC}") = "Maki", "packages\Maki\Maki\Maki.csproj", "{287194B9-FE14-4D2F-AA34-81F7A413FF81}"
EndProject
Project("{FAE04EC0-301F-11D3-BF4B-00C04F79EFBC}") = "Maki.Tests", "packages\Maki\Maki.Tests\Maki.Tests.csproj", "{D4294C69-2F51-4F53-90CA-CFE0E02AD1BA}"
EndProject
Project("{FAE04EC0-301F-11D3-BF4B-00C04F79EFBC}") = "Maki.Model", "packages\projects\Maki.Model\Maki.Model\Maki.Model.csproj", "{63B7D866-F46C-40CD-A5AB-95B7DF4AA953}"
EndProject
Project("{FAE04EC0-301F-11D3-BF4B-00C04F79EFBC}") = "Maki.Embedded", "packages\projects\Maki.Embedded\Maki.Embedded\Maki.Embedded.csproj", "{578269E2-06FE-4438-9386-B940C751B323}"
EndProject
Project("{FAE04EC0-301F-11D3-BF4B-00C04F79EFBC}") = "Maki.Embedded.Tests", "packages\projects\Maki.Embedded\Maki.Embedded.Tests\Maki.Embedded.Tests.csproj", "{CC652262-93C9-4B48-A895-76F38E4CCA27}"
EndProject
Project("{FAE04EC0-301F-11D3-BF4B-00C04F79EFBC}") = "Maki.Client", "packages\projects\Maki.Client\Maki.Client\Maki.Client.csproj", "{AFC21D67-51A9-4884-BB69-6FA5B13B2892}"
EndProject
Project("{2150E333-8FDC-42A3-9474-1A3956D46DE8}") = "Telemetry", "Telemetry", "{E2BB49BF-09ED-43DB-95A6-33008BBA01A6}"
EndProject
Project("{FAE04EC0-301F-11D3-BF4B-00C04F79EFBC}") = "Maki.Telemetry", "packages\projects\Maki.Telemetry\Maki.Telemetry\Maki.Telemetry.csproj", "{58DB3111-B48D-4CF8-871C-72CC230818CC}"
EndProject
Global
	GlobalSection(SolutionConfigurationPlatforms) = preSolution
		Debug|Any CPU = Debug|Any CPU
		Release|Any CPU = Release|Any CPU
	EndGlobalSection
	GlobalSection(NestedProjects) = preSolution
		{287194B9-FE14-4D2F-AA34-81F7A413FF81} = {8274F955-B161-44F1-ABA5-264B2CF3633E}
		{D4294C69-2F51-4F53-90CA-CFE0E02AD1BA} = {8274F955-B161-44F1-ABA5-264B2CF3633E}
		{63B7D866-F46C-40CD-A5AB-95B7DF4AA953} = {C9AC57F1-825B-45FD-AF52-05BD3F9EA17F}
		{578269E2-06FE-4438-9386-B940C751B323} = {DB4DBB27-1A9F-4D32-AA85-045B74952674}
		{CC652262-93C9-4B48-A895-76F38E4CCA27} = {DB4DBB27-1A9F-4D32-AA85-045B74952674}
		{AFC21D67-51A9-4884-BB69-6FA5B13B2892} = {AAF4E379-103E-49AF-AD19-B03A696B590E}
		{58DB3111-B48D-4CF8-871C-72CC230818CC} = {E2BB49BF-09ED-43DB-95A6-33008BBA01A6}
	EndGlobalSection
	GlobalSection(ProjectConfigurationPlatforms) = postSolution
		{287194B9-FE14-4D2F-AA34-81F7A413FF81}.Debug|Any CPU.ActiveCfg = Debug|Any CPU
		{287194B9-FE14-4D2F-AA34-81F7A413FF81}.Debug|Any CPU.Build.0 = Debug|Any CPU
		{287194B9-FE14-4D2F-AA34-81F7A413FF81}.Release|Any CPU.ActiveCfg = Release|Any CPU
		{287194B9-FE14-4D2F-AA34-81F7A413FF81}.Release|Any CPU.Build.0 = Release|Any CPU
		{D4294C69-2F51-4F53-90CA-CFE0E02AD1BA}.Debug|Any CPU.ActiveCfg = Debug|Any CPU
		{D4294C69-2F51-4F53-90CA-CFE0E02AD1BA}.Debug|Any CPU.Build.0 = Debug|Any CPU
		{D4294C69-2F51-4F53-90CA-CFE0E02AD1BA}.Release|Any CPU.ActiveCfg = Release|Any CPU
		{D4294C69-2F51-4F53-90CA-CFE0E02AD1BA}.Release|Any CPU.Build.0 = Release|Any CPU
		{63B7D866-F46C-40CD-A5AB-95B7DF4AA953}.Debug|Any CPU.ActiveCfg = Debug|Any CPU
		{63B7D866-F46C-40CD-A5AB-95B7DF4AA953}.Debug|Any CPU.Build.0 = Debug|Any CPU
		{63B7D866-F46C-40CD-A5AB-95B7DF4AA953}.Release|Any CPU.ActiveCfg = Release|Any CPU
		{63B7D866-F46C-40CD-A5AB-95B7DF4AA953}.Release|Any CPU.Build.0 = Release|Any CPU
		{578269E2-06FE-4438-9386-B940C751B323}.Debug|Any CPU.ActiveCfg = Debug|Any CPU
		{578269E2-06FE-4438-9386-B940C751B323}.Debug|Any CPU.Build.0 = Debug|Any CPU
		{578269E2-06FE-4438-9386-B940C751B323}.Release|Any CPU.ActiveCfg = Release|Any CPU
		{578269E2-06FE-4438-9386-B940C751B323}.Release|Any CPU.Build.0 = Release|Any CPU
		{CC652262-93C9-4B48-A895-76F38E4CCA27}.Debug|Any CPU.ActiveCfg = Debug|Any CPU
		{CC652262-93C9-4B48-A895-76F38E4CCA27}.Debug|Any CPU.Build.0 = Debug|Any CPU
		{CC652262-93C9-4B48-A895-76F38E4CCA27}.Release|Any CPU.ActiveCfg = Release|Any CPU
		{CC652262-93C9-4B48-A895-76F38E4CCA27}.Release|Any CPU.Build.0 = Release|Any CPU
		{AFC21D67-51A9-4884-BB69-6FA5B13B2892}.Debug|Any CPU.ActiveCfg = Debug|Any CPU
		{AFC21D67-51A9-4884-BB69-6FA5B13B2892}.Debug|Any CPU.Build.0 = Debug|Any CPU
		{AFC21D67-51A9-4884-BB69-6FA5B13B2892}.Release|Any CPU.ActiveCfg = Release|Any CPU
		{AFC21D67-51A9-4884-BB69-6FA5B13B2892}.Release|Any CPU.Build.0 = Release|Any CPU
		{58DB3111-B48D-4CF8-871C-72CC230818CC}.Debug|Any CPU.ActiveCfg = Debug|Any CPU
		{58DB3111-B48D-4CF8-871C-72CC230818CC}.Debug|Any CPU.Build.0 = Debug|Any CPU
		{58DB3111-B48D-4CF8-871C-72CC230818CC}.Release|Any CPU.ActiveCfg = Release|Any CPU
		{58DB3111-B48D-4CF8-871C-72CC230818CC}.Release|Any CPU.Build.0 = Release|Any CPU
	EndGlobalSection
EndGlobal
