{
  "name": "@chessdb.biz/maki-client",
  "version": "1.0.0",
  "lockfileVersion": 2,
  "requires": true,
  "packages": {
    "": {
      "name": "@chessdb.biz/maki-client",
      "version": "1.0.0",
      "hasInstallScript": true,
      "license": "MIT",
      "dependencies": {
        "@chessdb.biz/maki-client": "../Maki.Model/"
      }
    },
    "../Maki.Model": {
      "name": "@chessdb.biz/maki-model",
      "version": "1.0.0",
      "hasInstallScript": true,
      "license": "MIT"
    },
    "node_modules/@chessdb.biz/maki-client": {
      "resolved": "../Maki.Model",
      "link": true
    }
  },
  "dependencies": {
    "@chessdb.biz/maki-client": {
      "version": "file:../Maki.Model"
    }
  }
}
